
Microsoft Visual Studio Solution File, Format Version 12.00
# Visual Studio 15
VisualStudioVersion = 15.0.26730.15
MinimumVisualStudioVersion = 10.0.40219.1
Project("{FAE04EC0-301F-11D3-BF4B-00C04F79EFBC}") = "BabySitter", "BabySitter\BabySitter.csproj", "{29F130CA-30BF-4AE4-8BB1-3939B36D4726}"
EndProject
Project("{FAE04EC0-301F-11D3-BF4B-00C04F79EFBC}") = "BabySitter.Tests", "BabySitter.Tests\BabySitter.Tests.csproj", "{861DFB5C-718F-4595-8F40-5D51D3ECB261}"
EndProject
Global
	GlobalSection(SolutionConfigurationPlatforms) = preSolution
		Debug|Any CPU = Debug|Any CPU
		Release|Any CPU = Release|Any CPU
	EndGlobalSection
	GlobalSection(ProjectConfigurationPlatforms) = postSolution
		{29F130CA-30BF-4AE4-8BB1-3939B36D4726}.Debug|Any CPU.ActiveCfg = Debug|Any CPU
		{29F130CA-30BF-4AE4-8BB1-3939B36D4726}.Debug|Any CPU.Build.0 = Debug|Any CPU
		{29F130CA-30BF-4AE4-8BB1-3939B36D4726}.Release|Any CPU.ActiveCfg = Release|Any CPU
		{29F130CA-30BF-4AE4-8BB1-3939B36D4726}.Release|Any CPU.Build.0 = Release|Any CPU
		{861DFB5C-718F-4595-8F40-5D51D3ECB261}.Debug|Any CPU.ActiveCfg = Debug|Any CPU
		{861DFB5C-718F-4595-8F40-5D51D3ECB261}.Debug|Any CPU.Build.0 = Debug|Any CPU
		{861DFB5C-718F-4595-8F40-5D51D3ECB261}.Release|Any CPU.ActiveCfg = Release|Any CPU
		{861DFB5C-718F-4595-8F40-5D51D3ECB261}.Release|Any CPU.Build.0 = Release|Any CPU
	EndGlobalSection
	GlobalSection(SolutionProperties) = preSolution
		HideSolutionNode = FALSE
	EndGlobalSection
	GlobalSection(ExtensibilityGlobals) = postSolution
		SolutionGuid = {1730358E-35F4-4509-8DD4-1E789D25CAD5}
	EndGlobalSection
EndGlobal
